// !$*UTF8*$!
{
	archiveVersion = 1;
	classes = {
	};
	objectVersion = 56;
	objects = {

/* Begin PBXBuildFile section */
		4FEC58122A127C70008682CA /* BluSwiftUIApp.swift in Sources */ = {isa = PBXBuildFile; fileRef = 4FEC58112A127C70008682CA /* BluSwiftUIApp.swift */; };
		4FEC58162A127C73008682CA /* Assets.xcassets in Resources */ = {isa = PBXBuildFile; fileRef = 4FEC58152A127C73008682CA /* Assets.xcassets */; };
		4FEC58192A127C73008682CA /* Preview Assets.xcassets in Resources */ = {isa = PBXBuildFile; fileRef = 4FEC58182A127C73008682CA /* Preview Assets.xcassets */; };
		4FEC58242A127FA7008682CA /* API.swift in Sources */ = {isa = PBXBuildFile; fileRef = 4FEC58232A127FA7008682CA /* API.swift */; };
		4FEC58262A128008008682CA /* Config.swift in Sources */ = {isa = PBXBuildFile; fileRef = 4FEC58252A128008008682CA /* Config.swift */; };
		4FEC58282A12801B008682CA /* Errors.swift in Sources */ = {isa = PBXBuildFile; fileRef = 4FEC58272A12801B008682CA /* Errors.swift */; };
		4FEC582A2A12802B008682CA /* EmptyModel.swift in Sources */ = {isa = PBXBuildFile; fileRef = 4FEC58292A12802B008682CA /* EmptyModel.swift */; };
		4FEC582E2A1280B9008682CA /* AsyncRestServiceProtocol.swift in Sources */ = {isa = PBXBuildFile; fileRef = 4FEC582D2A1280B9008682CA /* AsyncRestServiceProtocol.swift */; };
		4FEC58312A1280E2008682CA /* NetworkViewModel.swift in Sources */ = {isa = PBXBuildFile; fileRef = 4FEC58302A1280E2008682CA /* NetworkViewModel.swift */; };
		4FEC58342A12813B008682CA /* Network.swift in Sources */ = {isa = PBXBuildFile; fileRef = 4FEC58332A12813B008682CA /* Network.swift */; };
		4FEC58372A1282BA008682CA /* Root.swift in Sources */ = {isa = PBXBuildFile; fileRef = 4FEC58362A1282BA008682CA /* Root.swift */; };
		4FEC58392A128325008682CA /* AppDelegate.swift in Sources */ = {isa = PBXBuildFile; fileRef = 4FEC58382A128325008682CA /* AppDelegate.swift */; };
		4FEC58412A128A19008682CA /* HomeModel.swift in Sources */ = {isa = PBXBuildFile; fileRef = 4FEC58402A128A19008682CA /* HomeModel.swift */; };
		4FEC58432A128AC2008682CA /* CardModel.swift in Sources */ = {isa = PBXBuildFile; fileRef = 4FEC58422A128AC2008682CA /* CardModel.swift */; };
		4FEC58452A128B9C008682CA /* MoreInfoModel.swift in Sources */ = {isa = PBXBuildFile; fileRef = 4FEC58442A128B9C008682CA /* MoreInfoModel.swift */; };
		4FEC58472A128C3B008682CA /* PersonModel.swift in Sources */ = {isa = PBXBuildFile; fileRef = 4FEC58462A128C3B008682CA /* PersonModel.swift */; };
		4FEC584D2A1292D8008682CA /* HomeAPI.swift in Sources */ = {isa = PBXBuildFile; fileRef = 4FEC584C2A1292D8008682CA /* HomeAPI.swift */; };
		4FEC584F2A1293C2008682CA /* HomeAPIProtocol.swift in Sources */ = {isa = PBXBuildFile; fileRef = 4FEC584E2A1293C2008682CA /* HomeAPIProtocol.swift */; };
		4FEC58512A129421008682CA /* HomeViewModel.swift in Sources */ = {isa = PBXBuildFile; fileRef = 4FEC58502A129421008682CA /* HomeViewModel.swift */; };
		4FEC58542A12987C008682CA /* Home.swift in Sources */ = {isa = PBXBuildFile; fileRef = 4FEC58532A12987C008682CA /* Home.swift */; };
/* End PBXBuildFile section */

/* Begin PBXFileReference section */
		4FEC580E2A127C70008682CA /* BluSwiftUI.app */ = {isa = PBXFileReference; explicitFileType = wrapper.application; includeInIndex = 0; path = BluSwiftUI.app; sourceTree = BUILT_PRODUCTS_DIR; };
		4FEC58112A127C70008682CA /* BluSwiftUIApp.swift */ = {isa = PBXFileReference; lastKnownFileType = sourcecode.swift; path = BluSwiftUIApp.swift; sourceTree = "<group>"; };
		4FEC58152A127C73008682CA /* Assets.xcassets */ = {isa = PBXFileReference; lastKnownFileType = folder.assetcatalog; path = Assets.xcassets; sourceTree = "<group>"; };
		4FEC58182A127C73008682CA /* Preview Assets.xcassets */ = {isa = PBXFileReference; lastKnownFileType = folder.assetcatalog; path = "Preview Assets.xcassets"; sourceTree = "<group>"; };
		4FEC58232A127FA7008682CA /* API.swift */ = {isa = PBXFileReference; lastKnownFileType = sourcecode.swift; path = API.swift; sourceTree = "<group>"; };
		4FEC58252A128008008682CA /* Config.swift */ = {isa = PBXFileReference; lastKnownFileType = sourcecode.swift; path = Config.swift; sourceTree = "<group>"; };
		4FEC58272A12801B008682CA /* Errors.swift */ = {isa = PBXFileReference; lastKnownFileType = sourcecode.swift; path = Errors.swift; sourceTree = "<group>"; };
		4FEC58292A12802B008682CA /* EmptyModel.swift */ = {isa = PBXFileReference; lastKnownFileType = sourcecode.swift; path = EmptyModel.swift; sourceTree = "<group>"; };
		4FEC582D2A1280B9008682CA /* AsyncRestServiceProtocol.swift */ = {isa = PBXFileReference; lastKnownFileType = sourcecode.swift; path = AsyncRestServiceProtocol.swift; sourceTree = "<group>"; };
		4FEC58302A1280E2008682CA /* NetworkViewModel.swift */ = {isa = PBXFileReference; lastKnownFileType = sourcecode.swift; path = NetworkViewModel.swift; sourceTree = "<group>"; };
		4FEC58332A12813B008682CA /* Network.swift */ = {isa = PBXFileReference; lastKnownFileType = sourcecode.swift; path = Network.swift; sourceTree = "<group>"; };
		4FEC58362A1282BA008682CA /* Root.swift */ = {isa = PBXFileReference; lastKnownFileType = sourcecode.swift; path = Root.swift; sourceTree = "<group>"; };
		4FEC58382A128325008682CA /* AppDelegate.swift */ = {isa = PBXFileReference; lastKnownFileType = sourcecode.swift; path = AppDelegate.swift; sourceTree = "<group>"; };
		4FEC58402A128A19008682CA /* HomeModel.swift */ = {isa = PBXFileReference; lastKnownFileType = sourcecode.swift; path = HomeModel.swift; sourceTree = "<group>"; };
		4FEC58422A128AC2008682CA /* CardModel.swift */ = {isa = PBXFileReference; lastKnownFileType = sourcecode.swift; path = CardModel.swift; sourceTree = "<group>"; };
		4FEC58442A128B9C008682CA /* MoreInfoModel.swift */ = {isa = PBXFileReference; lastKnownFileType = sourcecode.swift; path = MoreInfoModel.swift; sourceTree = "<group>"; };
		4FEC58462A128C3B008682CA /* PersonModel.swift */ = {isa = PBXFileReference; lastKnownFileType = sourcecode.swift; path = PersonModel.swift; sourceTree = "<group>"; };
		4FEC584C2A1292D8008682CA /* HomeAPI.swift */ = {isa = PBXFileReference; lastKnownFileType = sourcecode.swift; path = HomeAPI.swift; sourceTree = "<group>"; };
		4FEC584E2A1293C2008682CA /* HomeAPIProtocol.swift */ = {isa = PBXFileReference; lastKnownFileType = sourcecode.swift; path = HomeAPIProtocol.swift; sourceTree = "<group>"; };
		4FEC58502A129421008682CA /* HomeViewModel.swift */ = {isa = PBXFileReference; lastKnownFileType = sourcecode.swift; path = HomeViewModel.swift; sourceTree = "<group>"; };
		4FEC58532A12987C008682CA /* Home.swift */ = {isa = PBXFileReference; lastKnownFileType = sourcecode.swift; path = Home.swift; sourceTree = "<group>"; };
/* End PBXFileReference section */

/* Begin PBXFrameworksBuildPhase section */
		4FEC580B2A127C70008682CA /* Frameworks */ = {
			isa = PBXFrameworksBuildPhase;
			buildActionMask = 2147483647;
			files = (
			);
			runOnlyForDeploymentPostprocessing = 0;
		};
/* End PBXFrameworksBuildPhase section */

/* Begin PBXGroup section */
		4FEC58052A127C70008682CA = {
			isa = PBXGroup;
			children = (
				4FEC58102A127C70008682CA /* BluSwiftUI */,
				4FEC580F2A127C70008682CA /* Products */,
			);
			sourceTree = "<group>";
		};
		4FEC580F2A127C70008682CA /* Products */ = {
			isa = PBXGroup;
			children = (
				4FEC580E2A127C70008682CA /* BluSwiftUI.app */,
			);
			name = Products;
			sourceTree = "<group>";
		};
		4FEC58102A127C70008682CA /* BluSwiftUI */ = {
			isa = PBXGroup;
			children = (
				4FEC583A2A1283B9008682CA /* App */,
				4FEC58172A127C73008682CA /* Preview Content */,
			);
			path = BluSwiftUI;
			sourceTree = "<group>";
		};
		4FEC58172A127C73008682CA /* Preview Content */ = {
			isa = PBXGroup;
			children = (
				4FEC58182A127C73008682CA /* Preview Assets.xcassets */,
			);
			path = "Preview Content";
			sourceTree = "<group>";
		};
		4FEC581F2A127F42008682CA /* General */ = {
			isa = PBXGroup;
			children = (
				4FEC583C2A1289FE008682CA /* TabGroup */,
				4FEC58352A1282A9008682CA /* Starter */,
				4FEC58202A127F49008682CA /* Base */,
			);
			path = General;
			sourceTree = "<group>";
		};
		4FEC58202A127F49008682CA /* Base */ = {
			isa = PBXGroup;
			children = (
				4FEC58212A127F96008682CA /* Network */,
			);
			path = Base;
			sourceTree = "<group>";
		};
		4FEC58212A127F96008682CA /* Network */ = {
			isa = PBXGroup;
			children = (
				4FEC58322A128134008682CA /* View */,
				4FEC582B2A12808F008682CA /* ViewModel */,
				4FEC58222A127F9D008682CA /* Model */,
			);
			path = Network;
			sourceTree = "<group>";
		};
		4FEC58222A127F9D008682CA /* Model */ = {
			isa = PBXGroup;
			children = (
				4FEC58232A127FA7008682CA /* API.swift */,
				4FEC58252A128008008682CA /* Config.swift */,
				4FEC58272A12801B008682CA /* Errors.swift */,
				4FEC58292A12802B008682CA /* EmptyModel.swift */,
			);
			path = Model;
			sourceTree = "<group>";
		};
		4FEC582B2A12808F008682CA /* ViewModel */ = {
			isa = PBXGroup;
			children = (
				4FEC582F2A1280D9008682CA /* Real */,
				4FEC582C2A1280AA008682CA /* Protocol */,
			);
			path = ViewModel;
			sourceTree = "<group>";
		};
		4FEC582C2A1280AA008682CA /* Protocol */ = {
			isa = PBXGroup;
			children = (
				4FEC582D2A1280B9008682CA /* AsyncRestServiceProtocol.swift */,
			);
			path = Protocol;
			sourceTree = "<group>";
		};
		4FEC582F2A1280D9008682CA /* Real */ = {
			isa = PBXGroup;
			children = (
				4FEC58302A1280E2008682CA /* NetworkViewModel.swift */,
			);
			path = Real;
			sourceTree = "<group>";
		};
		4FEC58322A128134008682CA /* View */ = {
			isa = PBXGroup;
			children = (
				4FEC58332A12813B008682CA /* Network.swift */,
			);
			path = View;
			sourceTree = "<group>";
		};
		4FEC58352A1282A9008682CA /* Starter */ = {
			isa = PBXGroup;
			children = (
				4FEC58112A127C70008682CA /* BluSwiftUIApp.swift */,
				4FEC58362A1282BA008682CA /* Root.swift */,
				4FEC58382A128325008682CA /* AppDelegate.swift */,
			);
			path = Starter;
			sourceTree = "<group>";
		};
		4FEC583A2A1283B9008682CA /* App */ = {
			isa = PBXGroup;
			children = (
				4FEC583B2A1283D0008682CA /* Recourses */,
				4FEC581F2A127F42008682CA /* General */,
			);
			path = App;
			sourceTree = "<group>";
		};
		4FEC583B2A1283D0008682CA /* Recourses */ = {
			isa = PBXGroup;
			children = (
				4FEC58152A127C73008682CA /* Assets.xcassets */,
			);
			path = Recourses;
			sourceTree = "<group>";
		};
		4FEC583C2A1289FE008682CA /* TabGroup */ = {
			isa = PBXGroup;
			children = (
				4FEC583D2A128A05008682CA /* HomeGroup */,
			);
			path = TabGroup;
			sourceTree = "<group>";
		};
		4FEC583D2A128A05008682CA /* HomeGroup */ = {
			isa = PBXGroup;
			children = (
				4FEC583E2A128A0B008682CA /* Home */,
			);
			path = HomeGroup;
			sourceTree = "<group>";
		};
		4FEC583E2A128A0B008682CA /* Home */ = {
			isa = PBXGroup;
			children = (
				4FEC58522A129870008682CA /* View */,
				4FEC58492A12927B008682CA /* ViewModel */,
				4FEC583F2A128A10008682CA /* Model */,
			);
			path = Home;
			sourceTree = "<group>";
		};
		4FEC583F2A128A10008682CA /* Model */ = {
			isa = PBXGroup;
			children = (
				4FEC58482A128CDB008682CA /* Details */,
				4FEC58402A128A19008682CA /* HomeModel.swift */,
			);
			path = Model;
			sourceTree = "<group>";
		};
		4FEC58482A128CDB008682CA /* Details */ = {
			isa = PBXGroup;
			children = (
				4FEC58422A128AC2008682CA /* CardModel.swift */,
				4FEC58442A128B9C008682CA /* MoreInfoModel.swift */,
				4FEC58462A128C3B008682CA /* PersonModel.swift */,
			);
			path = Details;
			sourceTree = "<group>";
		};
		4FEC58492A12927B008682CA /* ViewModel */ = {
			isa = PBXGroup;
			children = (
				4FEC584A2A129280008682CA /* APIConfig */,
				4FEC58502A129421008682CA /* HomeViewModel.swift */,
			);
			path = ViewModel;
			sourceTree = "<group>";
		};
		4FEC584A2A129280008682CA /* APIConfig */ = {
			isa = PBXGroup;
			children = (
				4FEC584B2A1292CD008682CA /* Real */,
				4FEC584E2A1293C2008682CA /* HomeAPIProtocol.swift */,
			);
			path = APIConfig;
			sourceTree = "<group>";
		};
		4FEC584B2A1292CD008682CA /* Real */ = {
			isa = PBXGroup;
			children = (
				4FEC584C2A1292D8008682CA /* HomeAPI.swift */,
			);
			path = Real;
			sourceTree = "<group>";
		};
		4FEC58522A129870008682CA /* View */ = {
			isa = PBXGroup;
			children = (
				4FEC58532A12987C008682CA /* Home.swift */,
			);
			path = View;
			sourceTree = "<group>";
		};
/* End PBXGroup section */

/* Begin PBXNativeTarget section */
		4FEC580D2A127C70008682CA /* BluSwiftUI */ = {
			isa = PBXNativeTarget;
			buildConfigurationList = 4FEC581C2A127C73008682CA /* Build configuration list for PBXNativeTarget "BluSwiftUI" */;
			buildPhases = (
				4FEC580A2A127C70008682CA /* Sources */,
				4FEC580B2A127C70008682CA /* Frameworks */,
				4FEC580C2A127C70008682CA /* Resources */,
			);
			buildRules = (
			);
			dependencies = (
			);
			name = BluSwiftUI;
			productName = BluSwiftUI;
			productReference = 4FEC580E2A127C70008682CA /* BluSwiftUI.app */;
			productType = "com.apple.product-type.application";
		};
/* End PBXNativeTarget section */

/* Begin PBXProject section */
		4FEC58062A127C70008682CA /* Project object */ = {
			isa = PBXProject;
			attributes = {
				BuildIndependentTargetsInParallel = 1;
				LastSwiftUpdateCheck = 1430;
				LastUpgradeCheck = 1430;
				TargetAttributes = {
					4FEC580D2A127C70008682CA = {
						CreatedOnToolsVersion = 14.3;
					};
				};
			};
			buildConfigurationList = 4FEC58092A127C70008682CA /* Build configuration list for PBXProject "BluSwiftUI" */;
			compatibilityVersion = "Xcode 14.0";
			developmentRegion = en;
			hasScannedForEncodings = 0;
			knownRegions = (
				en,
				Base,
			);
			mainGroup = 4FEC58052A127C70008682CA;
			productRefGroup = 4FEC580F2A127C70008682CA /* Products */;
			projectDirPath = "";
			projectRoot = "";
			targets = (
				4FEC580D2A127C70008682CA /* BluSwiftUI */,
			);
		};
/* End PBXProject section */

/* Begin PBXResourcesBuildPhase section */
		4FEC580C2A127C70008682CA /* Resources */ = {
			isa = PBXResourcesBuildPhase;
			buildActionMask = 2147483647;
			files = (
				4FEC58192A127C73008682CA /* Preview Assets.xcassets in Resources */,
				4FEC58162A127C73008682CA /* Assets.xcassets in Resources */,
			);
			runOnlyForDeploymentPostprocessing = 0;
		};
/* End PBXResourcesBuildPhase section */

/* Begin PBXSourcesBuildPhase section */
		4FEC580A2A127C70008682CA /* Sources */ = {
			isa = PBXSourcesBuildPhase;
			buildActionMask = 2147483647;
			files = (
				4FEC58512A129421008682CA /* HomeViewModel.swift in Sources */,
				4FEC582E2A1280B9008682CA /* AsyncRestServiceProtocol.swift in Sources */,
				4FEC58282A12801B008682CA /* Errors.swift in Sources */,
				4FEC58412A128A19008682CA /* HomeModel.swift in Sources */,
				4FEC58542A12987C008682CA /* Home.swift in Sources */,
				4FEC58262A128008008682CA /* Config.swift in Sources */,
				4FEC58242A127FA7008682CA /* API.swift in Sources */,
				4FEC584F2A1293C2008682CA /* HomeAPIProtocol.swift in Sources */,
				4FEC58432A128AC2008682CA /* CardModel.swift in Sources */,
				4FEC58342A12813B008682CA /* Network.swift in Sources */,
				4FEC584D2A1292D8008682CA /* HomeAPI.swift in Sources */,
				4FEC58452A128B9C008682CA /* MoreInfoModel.swift in Sources */,
				4FEC58472A128C3B008682CA /* PersonModel.swift in Sources */,
				4FEC58122A127C70008682CA /* BluSwiftUIApp.swift in Sources */,
				4FEC582A2A12802B008682CA /* EmptyModel.swift in Sources */,
				4FEC58312A1280E2008682CA /* NetworkViewModel.swift in Sources */,
				4FEC58392A128325008682CA /* AppDelegate.swift in Sources */,
				4FEC58372A1282BA008682CA /* Root.swift in Sources */,
			);
			runOnlyForDeploymentPostprocessing = 0;
		};
/* End PBXSourcesBuildPhase section */

/* Begin XCBuildConfiguration section */
		4FEC581A2A127C73008682CA /* Debug */ = {
			isa = XCBuildConfiguration;
			buildSettings = {
				ALWAYS_SEARCH_USER_PATHS = NO;
				CLANG_ANALYZER_NONNULL = YES;
				CLANG_ANALYZER_NUMBER_OBJECT_CONVERSION = YES_AGGRESSIVE;
				CLANG_CXX_LANGUAGE_STANDARD = "gnu++20";
				CLANG_ENABLE_MODULES = YES;
				CLANG_ENABLE_OBJC_ARC = YES;
				CLANG_ENABLE_OBJC_WEAK = YES;
				CLANG_WARN_BLOCK_CAPTURE_AUTORELEASING = YES;
				CLANG_WARN_BOOL_CONVERSION = YES;
				CLANG_WARN_COMMA = YES;
				CLANG_WARN_CONSTANT_CONVERSION = YES;
				CLANG_WARN_DEPRECATED_OBJC_IMPLEMENTATIONS = YES;
				CLANG_WARN_DIRECT_OBJC_ISA_USAGE = YES_ERROR;
				CLANG_WARN_DOCUMENTATION_COMMENTS = YES;
				CLANG_WARN_EMPTY_BODY = YES;
				CLANG_WARN_ENUM_CONVERSION = YES;
				CLANG_WARN_INFINITE_RECURSION = YES;
				CLANG_WARN_INT_CONVERSION = YES;
				CLANG_WARN_NON_LITERAL_NULL_CONVERSION = YES;
				CLANG_WARN_OBJC_IMPLICIT_RETAIN_SELF = YES;
				CLANG_WARN_OBJC_LITERAL_CONVERSION = YES;
				CLANG_WARN_OBJC_ROOT_CLASS = YES_ERROR;
				CLANG_WARN_QUOTED_INCLUDE_IN_FRAMEWORK_HEADER = YES;
				CLANG_WARN_RANGE_LOOP_ANALYSIS = YES;
				CLANG_WARN_STRICT_PROTOTYPES = YES;
				CLANG_WARN_SUSPICIOUS_MOVE = YES;
				CLANG_WARN_UNGUARDED_AVAILABILITY = YES_AGGRESSIVE;
				CLANG_WARN_UNREACHABLE_CODE = YES;
				CLANG_WARN__DUPLICATE_METHOD_MATCH = YES;
				COPY_PHASE_STRIP = NO;
				DEBUG_INFORMATION_FORMAT = dwarf;
				ENABLE_STRICT_OBJC_MSGSEND = YES;
				ENABLE_TESTABILITY = YES;
				GCC_C_LANGUAGE_STANDARD = gnu11;
				GCC_DYNAMIC_NO_PIC = NO;
				GCC_NO_COMMON_BLOCKS = YES;
				GCC_OPTIMIZATION_LEVEL = 0;
				GCC_PREPROCESSOR_DEFINITIONS = (
					"DEBUG=1",
					"$(inherited)",
				);
				GCC_WARN_64_TO_32_BIT_CONVERSION = YES;
				GCC_WARN_ABOUT_RETURN_TYPE = YES_ERROR;
				GCC_WARN_UNDECLARED_SELECTOR = YES;
				GCC_WARN_UNINITIALIZED_AUTOS = YES_AGGRESSIVE;
				GCC_WARN_UNUSED_FUNCTION = YES;
				GCC_WARN_UNUSED_VARIABLE = YES;
				IPHONEOS_DEPLOYMENT_TARGET = 14.0;
				MTL_ENABLE_DEBUG_INFO = INCLUDE_SOURCE;
				MTL_FAST_MATH = YES;
				ONLY_ACTIVE_ARCH = YES;
				SDKROOT = iphoneos;
				SWIFT_ACTIVE_COMPILATION_CONDITIONS = DEBUG;
				SWIFT_OPTIMIZATION_LEVEL = "-Onone";
			};
			name = Debug;
		};
		4FEC581B2A127C73008682CA /* Release */ = {
			isa = XCBuildConfiguration;
			buildSettings = {
				ALWAYS_SEARCH_USER_PATHS = NO;
				CLANG_ANALYZER_NONNULL = YES;
				CLANG_ANALYZER_NUMBER_OBJECT_CONVERSION = YES_AGGRESSIVE;
				CLANG_CXX_LANGUAGE_STANDARD = "gnu++20";
				CLANG_ENABLE_MODULES = YES;
				CLANG_ENABLE_OBJC_ARC = YES;
				CLANG_ENABLE_OBJC_WEAK = YES;
				CLANG_WARN_BLOCK_CAPTURE_AUTORELEASING = YES;
				CLANG_WARN_BOOL_CONVERSION = YES;
				CLANG_WARN_COMMA = YES;
				CLANG_WARN_CONSTANT_CONVERSION = YES;
				CLANG_WARN_DEPRECATED_OBJC_IMPLEMENTATIONS = YES;
				CLANG_WARN_DIRECT_OBJC_ISA_USAGE = YES_ERROR;
				CLANG_WARN_DOCUMENTATION_COMMENTS = YES;
				CLANG_WARN_EMPTY_BODY = YES;
				CLANG_WARN_ENUM_CONVERSION = YES;
				CLANG_WARN_INFINITE_RECURSION = YES;
				CLANG_WARN_INT_CONVERSION = YES;
				CLANG_WARN_NON_LITERAL_NULL_CONVERSION = YES;
				CLANG_WARN_OBJC_IMPLICIT_RETAIN_SELF = YES;
				CLANG_WARN_OBJC_LITERAL_CONVERSION = YES;
				CLANG_WARN_OBJC_ROOT_CLASS = YES_ERROR;
				CLANG_WARN_QUOTED_INCLUDE_IN_FRAMEWORK_HEADER = YES;
				CLANG_WARN_RANGE_LOOP_ANALYSIS = YES;
				CLANG_WARN_STRICT_PROTOTYPES = YES;
				CLANG_WARN_SUSPICIOUS_MOVE = YES;
				CLANG_WARN_UNGUARDED_AVAILABILITY = YES_AGGRESSIVE;
				CLANG_WARN_UNREACHABLE_CODE = YES;
				CLANG_WARN__DUPLICATE_METHOD_MATCH = YES;
				COPY_PHASE_STRIP = NO;
				DEBUG_INFORMATION_FORMAT = "dwarf-with-dsym";
				ENABLE_NS_ASSERTIONS = NO;
				ENABLE_STRICT_OBJC_MSGSEND = YES;
				GCC_C_LANGUAGE_STANDARD = gnu11;
				GCC_NO_COMMON_BLOCKS = YES;
				GCC_WARN_64_TO_32_BIT_CONVERSION = YES;
				GCC_WARN_ABOUT_RETURN_TYPE = YES_ERROR;
				GCC_WARN_UNDECLARED_SELECTOR = YES;
				GCC_WARN_UNINITIALIZED_AUTOS = YES_AGGRESSIVE;
				GCC_WARN_UNUSED_FUNCTION = YES;
				GCC_WARN_UNUSED_VARIABLE = YES;
				IPHONEOS_DEPLOYMENT_TARGET = 14.0;
				MTL_ENABLE_DEBUG_INFO = NO;
				MTL_FAST_MATH = YES;
				SDKROOT = iphoneos;
				SWIFT_COMPILATION_MODE = wholemodule;
				SWIFT_OPTIMIZATION_LEVEL = "-O";
				VALIDATE_PRODUCT = YES;
			};
			name = Release;
		};
		4FEC581D2A127C73008682CA /* Debug */ = {
			isa = XCBuildConfiguration;
			buildSettings = {
				ASSETCATALOG_COMPILER_APPICON_NAME = AppIcon;
				ASSETCATALOG_COMPILER_GLOBAL_ACCENT_COLOR_NAME = AccentColor;
				CODE_SIGN_STYLE = Automatic;
				CURRENT_PROJECT_VERSION = 1;
				DEVELOPMENT_ASSET_PATHS = "\"BluSwiftUI/Preview Content\"";
				DEVELOPMENT_TEAM = GR5E89RNHJ;
				ENABLE_PREVIEWS = YES;
				GENERATE_INFOPLIST_FILE = YES;
				INFOPLIST_KEY_UIApplicationSceneManifest_Generation = YES;
				INFOPLIST_KEY_UIApplicationSupportsIndirectInputEvents = YES;
				INFOPLIST_KEY_UILaunchScreen_Generation = YES;
				INFOPLIST_KEY_UISupportedInterfaceOrientations = UIInterfaceOrientationPortrait;
				IPHONEOS_DEPLOYMENT_TARGET = 14.0;
				LD_RUNPATH_SEARCH_PATHS = (
					"$(inherited)",
					"@executable_path/Frameworks",
				);
				MARKETING_VERSION = 1.0;
				PRODUCT_BUNDLE_IDENTIFIER = com.demo.BluSwiftUI;
				PRODUCT_NAME = "$(TARGET_NAME)";
				SUPPORTED_PLATFORMS = "iphoneos iphonesimulator";
				SUPPORTS_MACCATALYST = NO;
				SUPPORTS_MAC_DESIGNED_FOR_IPHONE_IPAD = NO;
				SWIFT_EMIT_LOC_STRINGS = YES;
				SWIFT_VERSION = 5.0;
				TARGETED_DEVICE_FAMILY = 1;
			};
			name = Debug;
		};
		4FEC581E2A127C73008682CA /* Release */ = {
			isa = XCBuildConfiguration;
			buildSettings = {
				ASSETCATALOG_COMPILER_APPICON_NAME = AppIcon;
				ASSETCATALOG_COMPILER_GLOBAL_ACCENT_COLOR_NAME = AccentColor;
				CODE_SIGN_STYLE = Automatic;
				CURRENT_PROJECT_VERSION = 1;
				DEVELOPMENT_ASSET_PATHS = "\"BluSwiftUI/Preview Content\"";
				DEVELOPMENT_TEAM = GR5E89RNHJ;
				ENABLE_PREVIEWS = YES;
				GENERATE_INFOPLIST_FILE = YES;
				INFOPLIST_KEY_UIApplicationSceneManifest_Generation = YES;
				INFOPLIST_KEY_UIApplicationSupportsIndirectInputEvents = YES;
				INFOPLIST_KEY_UILaunchScreen_Generation = YES;
				INFOPLIST_KEY_UISupportedInterfaceOrientations = UIInterfaceOrientationPortrait;
				IPHONEOS_DEPLOYMENT_TARGET = 14.0;
				LD_RUNPATH_SEARCH_PATHS = (
					"$(inherited)",
					"@executable_path/Frameworks",
				);
				MARKETING_VERSION = 1.0;
				PRODUCT_BUNDLE_IDENTIFIER = com.demo.BluSwiftUI;
				PRODUCT_NAME = "$(TARGET_NAME)";
				SUPPORTED_PLATFORMS = "iphoneos iphonesimulator";
				SUPPORTS_MACCATALYST = NO;
				SUPPORTS_MAC_DESIGNED_FOR_IPHONE_IPAD = NO;
				SWIFT_EMIT_LOC_STRINGS = YES;
				SWIFT_VERSION = 5.0;
				TARGETED_DEVICE_FAMILY = 1;
			};
			name = Release;
		};
/* End XCBuildConfiguration section */

/* Begin XCConfigurationList section */
		4FEC58092A127C70008682CA /* Build configuration list for PBXProject "BluSwiftUI" */ = {
			isa = XCConfigurationList;
			buildConfigurations = (
				4FEC581A2A127C73008682CA /* Debug */,
				4FEC581B2A127C73008682CA /* Release */,
			);
			defaultConfigurationIsVisible = 0;
			defaultConfigurationName = Release;
		};
		4FEC581C2A127C73008682CA /* Build configuration list for PBXNativeTarget "BluSwiftUI" */ = {
			isa = XCConfigurationList;
			buildConfigurations = (
				4FEC581D2A127C73008682CA /* Debug */,
				4FEC581E2A127C73008682CA /* Release */,
			);
			defaultConfigurationIsVisible = 0;
			defaultConfigurationName = Release;
		};
/* End XCConfigurationList section */
	};
	rootObject = 4FEC58062A127C70008682CA /* Project object */;
}
